
Microsoft Visual Studio Solution File, Format Version 12.00
# Visual Studio 2012
Project("{FAE04EC0-301F-11D3-BF4B-00C04F79EFBC}") = "Soru6", "Soru6.csproj", "{B7965264-E235-47C3-B728-B0D879B1845B}"
EndProject
Global
	GlobalSection(SolutionConfigurationPlatforms) = preSolution
		Debug|Any CPU = Debug|Any CPU
		Release|Any CPU = Release|Any CPU
	EndGlobalSection
	GlobalSection(ProjectConfigurationPlatforms) = postSolution
		{B7965264-E235-47C3-B728-B0D879B1845B}.Debug|Any CPU.ActiveCfg = Debug|Any CPU
		{B7965264-E235-47C3-B728-B0D879B1845B}.Debug|Any CPU.Build.0 = Debug|Any CPU
		{B7965264-E235-47C3-B728-B0D879B1845B}.Release|Any CPU.ActiveCfg = Release|Any CPU
		{B7965264-E235-47C3-B728-B0D879B1845B}.Release|Any CPU.Build.0 = Release|Any CPU
	EndGlobalSection
	GlobalSection(SolutionProperties) = preSolution
		HideSolutionNode = FALSE
	EndGlobalSection
EndGlobal
